
Microsoft Visual Studio Solution File, Format Version 12.00
# Visual Studio 15
VisualStudioVersion = 15.0.28010.2041
MinimumVisualStudioVersion = 10.0.40219.1
Project("{8BC9CEB8-8B4A-11D0-8D11-00A0C91BC942}") = "ConsoleApplication7", "ConsoleApplication7\ConsoleApplication7.vcxproj", "{84E1AFEF-B332-4CD6-B54C-279BCADE88E6}"
EndProject
Global
	GlobalSection(SolutionConfigurationPlatforms) = preSolution
		Debug|x64 = Debug|x64
		Debug|x86 = Debug|x86
		Release|x64 = Release|x64
		Release|x86 = Release|x86
	EndGlobalSection
	GlobalSection(ProjectConfigurationPlatforms) = postSolution
		{84E1AFEF-B332-4CD6-B54C-279BCADE88E6}.Debug|x64.ActiveCfg = Debug|x64
		{84E1AFEF-B332-4CD6-B54C-279BCADE88E6}.Debug|x64.Build.0 = Debug|x64
		{84E1AFEF-B332-4CD6-B54C-279BCADE88E6}.Debug|x86.ActiveCfg = Debug|Win32
		{84E1AFEF-B332-4CD6-B54C-279BCADE88E6}.Debug|x86.Build.0 = Debug|Win32
		{84E1AFEF-B332-4CD6-B54C-279BCADE88E6}.Release|x64.ActiveCfg = Release|x64
		{84E1AFEF-B332-4CD6-B54C-279BCADE88E6}.Release|x64.Build.0 = Release|x64
		{84E1AFEF-B332-4CD6-B54C-279BCADE88E6}.Release|x86.ActiveCfg = Release|Win32
		{84E1AFEF-B332-4CD6-B54C-279BCADE88E6}.Release|x86.Build.0 = Release|Win32
	EndGlobalSection
	GlobalSection(SolutionProperties) = preSolution
		HideSolutionNode = FALSE
	EndGlobalSection
	GlobalSection(ExtensibilityGlobals) = postSolution
		SolutionGuid = {991B0DC6-DD82-4FBE-9C01-1058FC4432DC}
	EndGlobalSection
EndGlobal
