
Microsoft Visual Studio Solution File, Format Version 12.00
# Visual Studio Version 16
VisualStudioVersion = 16.0.28803.352
MinimumVisualStudioVersion = 10.0.40219.1
Project("{8BC9CEB8-8B4A-11D0-8D11-00A0C91BC942}") = "Homework8", "Homework8\Homework8.vcxproj", "{B3DE2C51-6AF5-49FC-8DF4-C0050FBA57EC}"
EndProject
Global
	GlobalSection(SolutionConfigurationPlatforms) = preSolution
		Debug|x64 = Debug|x64
		Debug|x86 = Debug|x86
		Release|x64 = Release|x64
		Release|x86 = Release|x86
	EndGlobalSection
	GlobalSection(ProjectConfigurationPlatforms) = postSolution
		{B3DE2C51-6AF5-49FC-8DF4-C0050FBA57EC}.Debug|x64.ActiveCfg = Debug|x64
		{B3DE2C51-6AF5-49FC-8DF4-C0050FBA57EC}.Debug|x64.Build.0 = Debug|x64
		{B3DE2C51-6AF5-49FC-8DF4-C0050FBA57EC}.Debug|x86.ActiveCfg = Debug|Win32
		{B3DE2C51-6AF5-49FC-8DF4-C0050FBA57EC}.Debug|x86.Build.0 = Debug|Win32
		{B3DE2C51-6AF5-49FC-8DF4-C0050FBA57EC}.Release|x64.ActiveCfg = Release|x64
		{B3DE2C51-6AF5-49FC-8DF4-C0050FBA57EC}.Release|x64.Build.0 = Release|x64
		{B3DE2C51-6AF5-49FC-8DF4-C0050FBA57EC}.Release|x86.ActiveCfg = Release|Win32
		{B3DE2C51-6AF5-49FC-8DF4-C0050FBA57EC}.Release|x86.Build.0 = Release|Win32
	EndGlobalSection
	GlobalSection(SolutionProperties) = preSolution
		HideSolutionNode = FALSE
	EndGlobalSection
	GlobalSection(ExtensibilityGlobals) = postSolution
		SolutionGuid = {CA50EDC6-F551-4F2E-B375-69681E8850E6}
	EndGlobalSection
EndGlobal
